// !$*UTF8*$!
{
	archiveVersion = 1;
	classes = {
	};
	objectVersion = 46;
	objects = {

/* Begin PBXBuildFile section */
		39597AA5E9A0416D004A1918 /* Pods_admin.framework in Frameworks */ = {isa = PBXBuildFile; fileRef = 8723228B7E2F301F9CE60145 /* Pods_admin.framework */; };
		700AD71C1CDC8C750044C977 /* MatchData.swift in Sources */ = {isa = PBXBuildFile; fileRef = 700AD71B1CDC8C750044C977 /* MatchData.swift */; };
		700AD71E1CDCB1690044C977 /* MatchResultController.swift in Sources */ = {isa = PBXBuildFile; fileRef = 700AD71D1CDCB1690044C977 /* MatchResultController.swift */; };
		700AD7201CDCB2530044C977 /* HistoryTableViewCell.swift in Sources */ = {isa = PBXBuildFile; fileRef = 700AD71F1CDCB2530044C977 /* HistoryTableViewCell.swift */; };
		700AD7221CDEE5BA0044C977 /* MatchResult.storyboard in Resources */ = {isa = PBXBuildFile; fileRef = 700AD7211CDEE5BA0044C977 /* MatchResult.storyboard */; };
		70130ADF1CCBD1540081003E /* PLViewController.swift in Sources */ = {isa = PBXBuildFile; fileRef = 70130ADE1CCBD1540081003E /* PLViewController.swift */; };
		701B0C951CDF2090003ADDC4 /* MatchResultCell.swift in Sources */ = {isa = PBXBuildFile; fileRef = 701B0C941CDF2090003ADDC4 /* MatchResultCell.swift */; };
		7079BC541CC9243B005878AE /* UIView+IBInspectable.swift in Sources */ = {isa = PBXBuildFile; fileRef = 7079BC521CC9243B005878AE /* UIView+IBInspectable.swift */; };
		7079BC591CC924E9005878AE /* Assets.xcassets in Resources */ = {isa = PBXBuildFile; fileRef = 7079BC581CC924E9005878AE /* Assets.xcassets */; };
		7079BC5C1CCB670C005878AE /* HallTableViewCell.swift in Sources */ = {isa = PBXBuildFile; fileRef = 7079BC5B1CCB670C005878AE /* HallTableViewCell.swift */; };
		7079BC601CCB87AA005878AE /* ConfigController.swift in Sources */ = {isa = PBXBuildFile; fileRef = 7079BC5F1CCB87AA005878AE /* ConfigController.swift */; };
		7079BC641CCBC42C005878AE /* DefaultKeys.swift in Sources */ = {isa = PBXBuildFile; fileRef = 7079BC631CCBC42C005878AE /* DefaultKeys.swift */; };
		7080B8511CCE6A8600E63CB5 /* DataManager.swift in Sources */ = {isa = PBXBuildFile; fileRef = 7080B8501CCE6A8600E63CB5 /* DataManager.swift */; };
		7080B8591CCFA6C200E63CB5 /* Team.swift in Sources */ = {isa = PBXBuildFile; fileRef = 7080B8581CCFA6C200E63CB5 /* Team.swift */; };
		7080B85B1CD6197800E63CB5 /* AdminConstants.swift in Sources */ = {isa = PBXBuildFile; fileRef = 7080B85A1CD6197800E63CB5 /* AdminConstants.swift */; };
		70B4DAC51CC7B10A00159C81 /* AppDelegate.swift in Sources */ = {isa = PBXBuildFile; fileRef = 70B4DAC41CC7B10A00159C81 /* AppDelegate.swift */; };
		70B4DAC71CC7B10A00159C81 /* HallController.swift in Sources */ = {isa = PBXBuildFile; fileRef = 70B4DAC61CC7B10A00159C81 /* HallController.swift */; };
		70B4DAC91CC7B10A00159C81 /* MatchController.swift in Sources */ = {isa = PBXBuildFile; fileRef = 70B4DAC81CC7B10A00159C81 /* MatchController.swift */; };
		70B4DACC1CC7B10A00159C81 /* Main.storyboard in Resources */ = {isa = PBXBuildFile; fileRef = 70B4DACA1CC7B10A00159C81 /* Main.storyboard */; };
		70B4DAD11CC7B10A00159C81 /* LaunchScreen.storyboard in Resources */ = {isa = PBXBuildFile; fileRef = 70B4DACF1CC7B10A00159C81 /* LaunchScreen.storyboard */; };
		70B4DAEA1CC7B31700159C81 /* alienleaguebold.ttf in Resources */ = {isa = PBXBuildFile; fileRef = 70B4DAE51CC7B31700159C81 /* alienleaguebold.ttf */; };
		70B4DAEB1CC7B31700159C81 /* Constants.swift in Sources */ = {isa = PBXBuildFile; fileRef = 70B4DAE71CC7B31700159C81 /* Constants.swift */; };
		70B4DAED1CC7B31700159C81 /* WsClient.swift in Sources */ = {isa = PBXBuildFile; fileRef = 70B4DAE91CC7B31700159C81 /* WsClient.swift */; };
		70B4DAFE1CC7BD0200159C81 /* HistoryController.swift in Sources */ = {isa = PBXBuildFile; fileRef = 70B4DAFD1CC7BD0200159C81 /* HistoryController.swift */; };
		70CF96CC1CDB263D007D821F /* ArduinoController.swift in Sources */ = {isa = PBXBuildFile; fileRef = 70CF96CB1CDB263D007D821F /* ArduinoController.swift */; };
		70CF96CE1CDB8B99007D821F /* Match.swift in Sources */ = {isa = PBXBuildFile; fileRef = 70CF96CD1CDB8B99007D821F /* Match.swift */; };
		70E3383B1CD653A000723816 /* PlayerController.swift in Sources */ = {isa = PBXBuildFile; fileRef = 70E3383A1CD653A000723816 /* PlayerController.swift */; };
		70E3383D1CD783DC00723816 /* String+PL.swift in Sources */ = {isa = PBXBuildFile; fileRef = 70E3383C1CD783DC00723816 /* String+PL.swift */; };
		70E3383F1CD8030A00723816 /* PlayerTableViewCell.swift in Sources */ = {isa = PBXBuildFile; fileRef = 70E3383E1CD8030A00723816 /* PlayerTableViewCell.swift */; };
/* End PBXBuildFile section */

/* Begin PBXFileReference section */
		11865D644DEBDC79F47C0A80 /* Pods-admin.release.xcconfig */ = {isa = PBXFileReference; includeInIndex = 1; lastKnownFileType = text.xcconfig; name = "Pods-admin.release.xcconfig"; path = "../Pods/Target Support Files/Pods-admin/Pods-admin.release.xcconfig"; sourceTree = "<group>"; };
		63B065F7C78E91A7E0C02603 /* Pods-admin.debug.xcconfig */ = {isa = PBXFileReference; includeInIndex = 1; lastKnownFileType = text.xcconfig; name = "Pods-admin.debug.xcconfig"; path = "../Pods/Target Support Files/Pods-admin/Pods-admin.debug.xcconfig"; sourceTree = "<group>"; };
		700AD71B1CDC8C750044C977 /* MatchData.swift */ = {isa = PBXFileReference; fileEncoding = 4; lastKnownFileType = sourcecode.swift; path = MatchData.swift; sourceTree = "<group>"; };
		700AD71D1CDCB1690044C977 /* MatchResultController.swift */ = {isa = PBXFileReference; fileEncoding = 4; lastKnownFileType = sourcecode.swift; path = MatchResultController.swift; sourceTree = "<group>"; };
		700AD71F1CDCB2530044C977 /* HistoryTableViewCell.swift */ = {isa = PBXFileReference; fileEncoding = 4; lastKnownFileType = sourcecode.swift; path = HistoryTableViewCell.swift; sourceTree = "<group>"; };
		700AD7211CDEE5BA0044C977 /* MatchResult.storyboard */ = {isa = PBXFileReference; fileEncoding = 4; lastKnownFileType = file.storyboard; path = MatchResult.storyboard; sourceTree = "<group>"; };
		70130ADE1CCBD1540081003E /* PLViewController.swift */ = {isa = PBXFileReference; fileEncoding = 4; lastKnownFileType = sourcecode.swift; path = PLViewController.swift; sourceTree = "<group>"; };
		701B0C941CDF2090003ADDC4 /* MatchResultCell.swift */ = {isa = PBXFileReference; fileEncoding = 4; lastKnownFileType = sourcecode.swift; path = MatchResultCell.swift; sourceTree = "<group>"; };
		7079BC521CC9243B005878AE /* UIView+IBInspectable.swift */ = {isa = PBXFileReference; fileEncoding = 4; lastKnownFileType = sourcecode.swift; path = "UIView+IBInspectable.swift"; sourceTree = "<group>"; };
		7079BC581CC924E9005878AE /* Assets.xcassets */ = {isa = PBXFileReference; lastKnownFileType = folder.assetcatalog; path = Assets.xcassets; sourceTree = "<group>"; };
		7079BC5B1CCB670C005878AE /* HallTableViewCell.swift */ = {isa = PBXFileReference; fileEncoding = 4; lastKnownFileType = sourcecode.swift; path = HallTableViewCell.swift; sourceTree = "<group>"; };
		7079BC5F1CCB87AA005878AE /* ConfigController.swift */ = {isa = PBXFileReference; fileEncoding = 4; lastKnownFileType = sourcecode.swift; path = ConfigController.swift; sourceTree = "<group>"; };
		7079BC631CCBC42C005878AE /* DefaultKeys.swift */ = {isa = PBXFileReference; fileEncoding = 4; lastKnownFileType = sourcecode.swift; path = DefaultKeys.swift; sourceTree = "<group>"; };
		7080B8501CCE6A8600E63CB5 /* DataManager.swift */ = {isa = PBXFileReference; fileEncoding = 4; lastKnownFileType = sourcecode.swift; path = DataManager.swift; sourceTree = "<group>"; };
		7080B8581CCFA6C200E63CB5 /* Team.swift */ = {isa = PBXFileReference; fileEncoding = 4; lastKnownFileType = sourcecode.swift; path = Team.swift; sourceTree = "<group>"; };
		7080B85A1CD6197800E63CB5 /* AdminConstants.swift */ = {isa = PBXFileReference; fileEncoding = 4; lastKnownFileType = sourcecode.swift; path = AdminConstants.swift; sourceTree = "<group>"; };
		70B4DAC11CC7B10A00159C81 /* admin.app */ = {isa = PBXFileReference; explicitFileType = wrapper.application; includeInIndex = 0; path = admin.app; sourceTree = BUILT_PRODUCTS_DIR; };
		70B4DAC41CC7B10A00159C81 /* AppDelegate.swift */ = {isa = PBXFileReference; lastKnownFileType = sourcecode.swift; path = AppDelegate.swift; sourceTree = "<group>"; };
		70B4DAC61CC7B10A00159C81 /* HallController.swift */ = {isa = PBXFileReference; lastKnownFileType = sourcecode.swift; path = HallController.swift; sourceTree = "<group>"; };
		70B4DAC81CC7B10A00159C81 /* MatchController.swift */ = {isa = PBXFileReference; lastKnownFileType = sourcecode.swift; path = MatchController.swift; sourceTree = "<group>"; };
		70B4DACB1CC7B10A00159C81 /* Base */ = {isa = PBXFileReference; lastKnownFileType = file.storyboard; name = Base; path = Base.lproj/Main.storyboard; sourceTree = "<group>"; };
		70B4DAD01CC7B10A00159C81 /* Base */ = {isa = PBXFileReference; lastKnownFileType = file.storyboard; name = Base; path = Base.lproj/LaunchScreen.storyboard; sourceTree = "<group>"; };
		70B4DAD21CC7B10A00159C81 /* Info.plist */ = {isa = PBXFileReference; lastKnownFileType = text.plist.xml; path = Info.plist; sourceTree = "<group>"; };
		70B4DAE51CC7B31700159C81 /* alienleaguebold.ttf */ = {isa = PBXFileReference; lastKnownFileType = file; path = alienleaguebold.ttf; sourceTree = "<group>"; };
		70B4DAE71CC7B31700159C81 /* Constants.swift */ = {isa = PBXFileReference; fileEncoding = 4; lastKnownFileType = sourcecode.swift; path = Constants.swift; sourceTree = "<group>"; };
		70B4DAE91CC7B31700159C81 /* WsClient.swift */ = {isa = PBXFileReference; fileEncoding = 4; lastKnownFileType = sourcecode.swift; path = WsClient.swift; sourceTree = "<group>"; };
		70B4DAFD1CC7BD0200159C81 /* HistoryController.swift */ = {isa = PBXFileReference; fileEncoding = 4; lastKnownFileType = sourcecode.swift; path = HistoryController.swift; sourceTree = "<group>"; };
		70CF96CB1CDB263D007D821F /* ArduinoController.swift */ = {isa = PBXFileReference; fileEncoding = 4; lastKnownFileType = sourcecode.swift; path = ArduinoController.swift; sourceTree = "<group>"; };
		70CF96CD1CDB8B99007D821F /* Match.swift */ = {isa = PBXFileReference; fileEncoding = 4; lastKnownFileType = sourcecode.swift; path = Match.swift; sourceTree = "<group>"; };
		70E3383A1CD653A000723816 /* PlayerController.swift */ = {isa = PBXFileReference; fileEncoding = 4; lastKnownFileType = sourcecode.swift; path = PlayerController.swift; sourceTree = "<group>"; };
		70E3383C1CD783DC00723816 /* String+PL.swift */ = {isa = PBXFileReference; fileEncoding = 4; lastKnownFileType = sourcecode.swift; path = "String+PL.swift"; sourceTree = "<group>"; };
		70E3383E1CD8030A00723816 /* PlayerTableViewCell.swift */ = {isa = PBXFileReference; fileEncoding = 4; lastKnownFileType = sourcecode.swift; path = PlayerTableViewCell.swift; sourceTree = "<group>"; };
		8723228B7E2F301F9CE60145 /* Pods_admin.framework */ = {isa = PBXFileReference; explicitFileType = wrapper.framework; includeInIndex = 0; path = Pods_admin.framework; sourceTree = BUILT_PRODUCTS_DIR; };
/* End PBXFileReference section */

/* Begin PBXFrameworksBuildPhase section */
		70B4DABE1CC7B10A00159C81 /* Frameworks */ = {
			isa = PBXFrameworksBuildPhase;
			buildActionMask = 2147483647;
			files = (
				39597AA5E9A0416D004A1918 /* Pods_admin.framework in Frameworks */,
			);
			runOnlyForDeploymentPostprocessing = 0;
		};
/* End PBXFrameworksBuildPhase section */

/* Begin PBXGroup section */
		56F8268A2670CAF4061FF616 /* Pods */ = {
			isa = PBXGroup;
			children = (
				63B065F7C78E91A7E0C02603 /* Pods-admin.debug.xcconfig */,
				11865D644DEBDC79F47C0A80 /* Pods-admin.release.xcconfig */,
			);
			name = Pods;
			sourceTree = "<group>";
		};
		7079BC511CC9243B005878AE /* Extensions */ = {
			isa = PBXGroup;
			children = (
				7079BC631CCBC42C005878AE /* DefaultKeys.swift */,
				7079BC521CC9243B005878AE /* UIView+IBInspectable.swift */,
				70E3383C1CD783DC00723816 /* String+PL.swift */,
			);
			path = Extensions;
			sourceTree = "<group>";
		};
		7079BC5A1CCB66F1005878AE /* Views */ = {
			isa = PBXGroup;
			children = (
				7079BC5B1CCB670C005878AE /* HallTableViewCell.swift */,
				70E3383E1CD8030A00723816 /* PlayerTableViewCell.swift */,
				700AD71F1CDCB2530044C977 /* HistoryTableViewCell.swift */,
			);
			path = Views;
			sourceTree = "<group>";
		};
		7080B8551CCEA58700E63CB5 /* Models */ = {
			isa = PBXGroup;
			children = (
				7080B8581CCFA6C200E63CB5 /* Team.swift */,
				70E3383A1CD653A000723816 /* PlayerController.swift */,
				70CF96CB1CDB263D007D821F /* ArduinoController.swift */,
				70CF96CD1CDB8B99007D821F /* Match.swift */,
				700AD71B1CDC8C750044C977 /* MatchData.swift */,
			);
			path = Models;
			sourceTree = "<group>";
		};
		70B4DAB81CC7B10A00159C81 = {
			isa = PBXGroup;
			children = (
				70B4DAF01CC7B51A00159C81 /* Frameworks */,
				70B4DAC31CC7B10A00159C81 /* admin */,
				70B4DAC21CC7B10A00159C81 /* Products */,
				56F8268A2670CAF4061FF616 /* Pods */,
			);
			sourceTree = "<group>";
		};
		70B4DAC21CC7B10A00159C81 /* Products */ = {
			isa = PBXGroup;
			children = (
				70B4DAC11CC7B10A00159C81 /* admin.app */,
			);
			name = Products;
			sourceTree = "<group>";
		};
		70B4DAC31CC7B10A00159C81 /* admin */ = {
			isa = PBXGroup;
			children = (
				70B4DAE31CC7B31700159C81 /* common */,
				7079BC5A1CCB66F1005878AE /* Views */,
				7080B8551CCEA58700E63CB5 /* Models */,
				70B4DAC41CC7B10A00159C81 /* AppDelegate.swift */,
				70B4DAC61CC7B10A00159C81 /* HallController.swift */,
				70B4DAC81CC7B10A00159C81 /* MatchController.swift */,
				70B4DAFD1CC7BD0200159C81 /* HistoryController.swift */,
				700AD71D1CDCB1690044C977 /* MatchResultController.swift */,
				70B4DACA1CC7B10A00159C81 /* Main.storyboard */,
				70B4DACF1CC7B10A00159C81 /* LaunchScreen.storyboard */,
				70B4DAD21CC7B10A00159C81 /* Info.plist */,
				7079BC5F1CCB87AA005878AE /* ConfigController.swift */,
				7080B85A1CD6197800E63CB5 /* AdminConstants.swift */,
			);
			path = admin;
			sourceTree = "<group>";
		};
		70B4DAE31CC7B31700159C81 /* common */ = {
			isa = PBXGroup;
			children = (
				70B4DAE41CC7B31700159C81 /* res */,
				70B4DAE61CC7B31700159C81 /* src */,
			);
			name = common;
			path = ../../common;
			sourceTree = "<group>";
		};
		70B4DAE41CC7B31700159C81 /* res */ = {
			isa = PBXGroup;
			children = (
				700AD7211CDEE5BA0044C977 /* MatchResult.storyboard */,
				7079BC581CC924E9005878AE /* Assets.xcassets */,
				70B4DAE51CC7B31700159C81 /* alienleaguebold.ttf */,
			);
			path = res;
			sourceTree = "<group>";
		};
		70B4DAE61CC7B31700159C81 /* src */ = {
			isa = PBXGroup;
			children = (
				7079BC511CC9243B005878AE /* Extensions */,
				70B4DAE71CC7B31700159C81 /* Constants.swift */,
				70B4DAE91CC7B31700159C81 /* WsClient.swift */,
				7080B8501CCE6A8600E63CB5 /* DataManager.swift */,
				70130ADE1CCBD1540081003E /* PLViewController.swift */,
				701B0C941CDF2090003ADDC4 /* MatchResultCell.swift */,
			);
			path = src;
			sourceTree = "<group>";
		};
		70B4DAF01CC7B51A00159C81 /* Frameworks */ = {
			isa = PBXGroup;
			children = (
				8723228B7E2F301F9CE60145 /* Pods_admin.framework */,
			);
			name = Frameworks;
			sourceTree = "<group>";
		};
/* End PBXGroup section */

/* Begin PBXNativeTarget section */
		70B4DAC01CC7B10A00159C81 /* admin */ = {
			isa = PBXNativeTarget;
			buildConfigurationList = 70B4DAD51CC7B10A00159C81 /* Build configuration list for PBXNativeTarget "admin" */;
			buildPhases = (
				276CE339CD6FDA1122C2C915 /* 📦 Check Pods Manifest.lock */,
				70B4DABD1CC7B10A00159C81 /* Sources */,
				70B4DABE1CC7B10A00159C81 /* Frameworks */,
				70B4DABF1CC7B10A00159C81 /* Resources */,
				26C09C4E0499119DAD9B8574 /* 📦 Embed Pods Frameworks */,
				D3083D9E24A6F936126DA2BA /* 📦 Copy Pods Resources */,
			);
			buildRules = (
			);
			dependencies = (
			);
			name = admin;
			productName = admin;
			productReference = 70B4DAC11CC7B10A00159C81 /* admin.app */;
			productType = "com.apple.product-type.application";
		};
/* End PBXNativeTarget section */

/* Begin PBXProject section */
		70B4DAB91CC7B10A00159C81 /* Project object */ = {
			isa = PBXProject;
			attributes = {
				LastSwiftUpdateCheck = 0730;
				LastUpgradeCheck = 0730;
				ORGANIZATIONNAME = pulupulu;
				TargetAttributes = {
					70B4DAC01CC7B10A00159C81 = {
						CreatedOnToolsVersion = 7.3;
						DevelopmentTeam = 96HSW2ZXJP;
					};
				};
			};
			buildConfigurationList = 70B4DABC1CC7B10A00159C81 /* Build configuration list for PBXProject "admin" */;
			compatibilityVersion = "Xcode 3.2";
			developmentRegion = English;
			hasScannedForEncodings = 0;
			knownRegions = (
				en,
				Base,
			);
			mainGroup = 70B4DAB81CC7B10A00159C81;
			productRefGroup = 70B4DAC21CC7B10A00159C81 /* Products */;
			projectDirPath = "";
			projectRoot = "";
			targets = (
				70B4DAC01CC7B10A00159C81 /* admin */,
			);
		};
/* End PBXProject section */

/* Begin PBXResourcesBuildPhase section */
		70B4DABF1CC7B10A00159C81 /* Resources */ = {
			isa = PBXResourcesBuildPhase;
			buildActionMask = 2147483647;
			files = (
				70B4DAEA1CC7B31700159C81 /* alienleaguebold.ttf in Resources */,
				700AD7221CDEE5BA0044C977 /* MatchResult.storyboard in Resources */,
				70B4DAD11CC7B10A00159C81 /* LaunchScreen.storyboard in Resources */,
				70B4DACC1CC7B10A00159C81 /* Main.storyboard in Resources */,
				7079BC591CC924E9005878AE /* Assets.xcassets in Resources */,
			);
			runOnlyForDeploymentPostprocessing = 0;
		};
/* End PBXResourcesBuildPhase section */

/* Begin PBXShellScriptBuildPhase section */
		26C09C4E0499119DAD9B8574 /* 📦 Embed Pods Frameworks */ = {
			isa = PBXShellScriptBuildPhase;
			buildActionMask = 2147483647;
			files = (
			);
			inputPaths = (
			);
			name = "📦 Embed Pods Frameworks";
			outputPaths = (
			);
			runOnlyForDeploymentPostprocessing = 0;
			shellPath = /bin/sh;
			shellScript = "\"${SRCROOT}/../Pods/Target Support Files/Pods-admin/Pods-admin-frameworks.sh\"\n";
			showEnvVarsInLog = 0;
		};
		276CE339CD6FDA1122C2C915 /* 📦 Check Pods Manifest.lock */ = {
			isa = PBXShellScriptBuildPhase;
			buildActionMask = 2147483647;
			files = (
			);
			inputPaths = (
			);
			name = "📦 Check Pods Manifest.lock";
			outputPaths = (
			);
			runOnlyForDeploymentPostprocessing = 0;
			shellPath = /bin/sh;
			shellScript = "diff \"${PODS_ROOT}/../Podfile.lock\" \"${PODS_ROOT}/Manifest.lock\" > /dev/null\nif [[ $? != 0 ]] ; then\n    cat << EOM\nerror: The sandbox is not in sync with the Podfile.lock. Run 'pod install' or update your CocoaPods installation.\nEOM\n    exit 1\nfi\n";
			showEnvVarsInLog = 0;
		};
		D3083D9E24A6F936126DA2BA /* 📦 Copy Pods Resources */ = {
			isa = PBXShellScriptBuildPhase;
			buildActionMask = 2147483647;
			files = (
			);
			inputPaths = (
			);
			name = "📦 Copy Pods Resources";
			outputPaths = (
			);
			runOnlyForDeploymentPostprocessing = 0;
			shellPath = /bin/sh;
			shellScript = "\"${SRCROOT}/../Pods/Target Support Files/Pods-admin/Pods-admin-resources.sh\"\n";
			showEnvVarsInLog = 0;
		};
/* End PBXShellScriptBuildPhase section */

/* Begin PBXSourcesBuildPhase section */
		70B4DABD1CC7B10A00159C81 /* Sources */ = {
			isa = PBXSourcesBuildPhase;
			buildActionMask = 2147483647;
			files = (
				70B4DAC91CC7B10A00159C81 /* MatchController.swift in Sources */,
				7080B8511CCE6A8600E63CB5 /* DataManager.swift in Sources */,
				700AD71E1CDCB1690044C977 /* MatchResultController.swift in Sources */,
				7080B8591CCFA6C200E63CB5 /* Team.swift in Sources */,
				70CF96CE1CDB8B99007D821F /* Match.swift in Sources */,
				70B4DAED1CC7B31700159C81 /* WsClient.swift in Sources */,
				70B4DAFE1CC7BD0200159C81 /* HistoryController.swift in Sources */,
				7080B85B1CD6197800E63CB5 /* AdminConstants.swift in Sources */,
				700AD7201CDCB2530044C977 /* HistoryTableViewCell.swift in Sources */,
				70B4DAC51CC7B10A00159C81 /* AppDelegate.swift in Sources */,
				70CF96CC1CDB263D007D821F /* ArduinoController.swift in Sources */,
				7079BC641CCBC42C005878AE /* DefaultKeys.swift in Sources */,
				70E3383D1CD783DC00723816 /* String+PL.swift in Sources */,
				70E3383F1CD8030A00723816 /* PlayerTableViewCell.swift in Sources */,
				700AD71C1CDC8C750044C977 /* MatchData.swift in Sources */,
				70B4DAC71CC7B10A00159C81 /* HallController.swift in Sources */,
				70E3383B1CD653A000723816 /* PlayerController.swift in Sources */,
				70130ADF1CCBD1540081003E /* PLViewController.swift in Sources */,
				7079BC541CC9243B005878AE /* UIView+IBInspectable.swift in Sources */,
				7079BC5C1CCB670C005878AE /* HallTableViewCell.swift in Sources */,
				70B4DAEB1CC7B31700159C81 /* Constants.swift in Sources */,
				701B0C951CDF2090003ADDC4 /* MatchResultCell.swift in Sources */,
				7079BC601CCB87AA005878AE /* ConfigController.swift in Sources */,
			);
			runOnlyForDeploymentPostprocessing = 0;
		};
/* End PBXSourcesBuildPhase section */

/* Begin PBXVariantGroup section */
		70B4DACA1CC7B10A00159C81 /* Main.storyboard */ = {
			isa = PBXVariantGroup;
			children = (
				70B4DACB1CC7B10A00159C81 /* Base */,
			);
			name = Main.storyboard;
			sourceTree = "<group>";
		};
		70B4DACF1CC7B10A00159C81 /* LaunchScreen.storyboard */ = {
			isa = PBXVariantGroup;
			children = (
				70B4DAD01CC7B10A00159C81 /* Base */,
			);
			name = LaunchScreen.storyboard;
			sourceTree = "<group>";
		};
/* End PBXVariantGroup section */

/* Begin XCBuildConfiguration section */
		70B4DAD31CC7B10A00159C81 /* Debug */ = {
			isa = XCBuildConfiguration;
			buildSettings = {
				ALWAYS_SEARCH_USER_PATHS = NO;
				CLANG_ANALYZER_NONNULL = YES;
				CLANG_CXX_LANGUAGE_STANDARD = "gnu++0x";
				CLANG_CXX_LIBRARY = "libc++";
				CLANG_ENABLE_MODULES = YES;
				CLANG_ENABLE_OBJC_ARC = YES;
				CLANG_WARN_BOOL_CONVERSION = YES;
				CLANG_WARN_CONSTANT_CONVERSION = YES;
				CLANG_WARN_DIRECT_OBJC_ISA_USAGE = YES_ERROR;
				CLANG_WARN_EMPTY_BODY = YES;
				CLANG_WARN_ENUM_CONVERSION = YES;
				CLANG_WARN_INT_CONVERSION = YES;
				CLANG_WARN_OBJC_ROOT_CLASS = YES_ERROR;
				CLANG_WARN_UNREACHABLE_CODE = YES;
				CLANG_WARN__DUPLICATE_METHOD_MATCH = YES;
				"CODE_SIGN_IDENTITY[sdk=iphoneos*]" = "iPhone Developer";
				COPY_PHASE_STRIP = NO;
				DEBUG_INFORMATION_FORMAT = dwarf;
				ENABLE_STRICT_OBJC_MSGSEND = YES;
				ENABLE_TESTABILITY = YES;
				FRAMEWORK_SEARCH_PATHS = "";
				GCC_C_LANGUAGE_STANDARD = gnu99;
				GCC_DYNAMIC_NO_PIC = NO;
				GCC_NO_COMMON_BLOCKS = YES;
				GCC_OPTIMIZATION_LEVEL = 0;
				GCC_PREPROCESSOR_DEFINITIONS = (
					"DEBUG=1",
					"$(inherited)",
				);
				GCC_WARN_64_TO_32_BIT_CONVERSION = YES;
				GCC_WARN_ABOUT_RETURN_TYPE = YES_ERROR;
				GCC_WARN_UNDECLARED_SELECTOR = YES;
				GCC_WARN_UNINITIALIZED_AUTOS = YES_AGGRESSIVE;
				GCC_WARN_UNUSED_FUNCTION = YES;
				GCC_WARN_UNUSED_VARIABLE = YES;
				IPHONEOS_DEPLOYMENT_TARGET = 9.3;
				MTL_ENABLE_DEBUG_INFO = YES;
				ONLY_ACTIVE_ARCH = YES;
				SDKROOT = iphoneos;
				SWIFT_OPTIMIZATION_LEVEL = "-Onone";
				TARGETED_DEVICE_FAMILY = 2;
			};
			name = Debug;
		};
		70B4DAD41CC7B10A00159C81 /* Release */ = {
			isa = XCBuildConfiguration;
			buildSettings = {
				ALWAYS_SEARCH_USER_PATHS = NO;
				CLANG_ANALYZER_NONNULL = YES;
				CLANG_CXX_LANGUAGE_STANDARD = "gnu++0x";
				CLANG_CXX_LIBRARY = "libc++";
				CLANG_ENABLE_MODULES = YES;
				CLANG_ENABLE_OBJC_ARC = YES;
				CLANG_WARN_BOOL_CONVERSION = YES;
				CLANG_WARN_CONSTANT_CONVERSION = YES;
				CLANG_WARN_DIRECT_OBJC_ISA_USAGE = YES_ERROR;
				CLANG_WARN_EMPTY_BODY = YES;
				CLANG_WARN_ENUM_CONVERSION = YES;
				CLANG_WARN_INT_CONVERSION = YES;
				CLANG_WARN_OBJC_ROOT_CLASS = YES_ERROR;
				CLANG_WARN_UNREACHABLE_CODE = YES;
				CLANG_WARN__DUPLICATE_METHOD_MATCH = YES;
				"CODE_SIGN_IDENTITY[sdk=iphoneos*]" = "iPhone Developer";
				COPY_PHASE_STRIP = NO;
				DEBUG_INFORMATION_FORMAT = "dwarf-with-dsym";
				ENABLE_NS_ASSERTIONS = NO;
				ENABLE_STRICT_OBJC_MSGSEND = YES;
				FRAMEWORK_SEARCH_PATHS = "";
				GCC_C_LANGUAGE_STANDARD = gnu99;
				GCC_NO_COMMON_BLOCKS = YES;
				GCC_WARN_64_TO_32_BIT_CONVERSION = YES;
				GCC_WARN_ABOUT_RETURN_TYPE = YES_ERROR;
				GCC_WARN_UNDECLARED_SELECTOR = YES;
				GCC_WARN_UNINITIALIZED_AUTOS = YES_AGGRESSIVE;
				GCC_WARN_UNUSED_FUNCTION = YES;
				GCC_WARN_UNUSED_VARIABLE = YES;
				IPHONEOS_DEPLOYMENT_TARGET = 9.3;
				MTL_ENABLE_DEBUG_INFO = NO;
				SDKROOT = iphoneos;
				TARGETED_DEVICE_FAMILY = 2;
				VALIDATE_PRODUCT = YES;
			};
			name = Release;
		};
		70B4DAD61CC7B10A00159C81 /* Debug */ = {
			isa = XCBuildConfiguration;
			baseConfigurationReference = 63B065F7C78E91A7E0C02603 /* Pods-admin.debug.xcconfig */;
			buildSettings = {
				CODE_SIGN_IDENTITY = "iPhone Developer: xin xu (9YZZUBJ3ZD)";
				INFOPLIST_FILE = admin/Info.plist;
				IPHONEOS_DEPLOYMENT_TARGET = 9.0;
				LD_RUNPATH_SEARCH_PATHS = "$(inherited) @executable_path/Frameworks";
				OTHER_SWIFT_FLAGS = "$(inherited) \"-D\" \"COCOAPODS\" \"-DDEBUG\"";
				PRODUCT_BUNDLE_IDENTIFIER = com.pulupulu.challenger.admin;
				PRODUCT_NAME = "$(TARGET_NAME)";
				SWIFT_OBJC_BRIDGING_HEADER = "";
			};
			name = Debug;
		};
		70B4DAD71CC7B10A00159C81 /* Release */ = {
			isa = XCBuildConfiguration;
			baseConfigurationReference = 11865D644DEBDC79F47C0A80 /* Pods-admin.release.xcconfig */;
			buildSettings = {
				CODE_SIGN_IDENTITY = "iPhone Distribution: xin xu (96HSW2ZXJP)";
				INFOPLIST_FILE = admin/Info.plist;
				IPHONEOS_DEPLOYMENT_TARGET = 9.0;
				LD_RUNPATH_SEARCH_PATHS = "$(inherited) @executable_path/Frameworks";
				PRODUCT_BUNDLE_IDENTIFIER = com.pulupulu.challenger.admin;
				PRODUCT_NAME = "$(TARGET_NAME)";
				SWIFT_OBJC_BRIDGING_HEADER = "";
			};
			name = Release;
		};
/* End XCBuildConfiguration section */

/* Begin XCConfigurationList section */
		70B4DABC1CC7B10A00159C81 /* Build configuration list for PBXProject "admin" */ = {
			isa = XCConfigurationList;
			buildConfigurations = (
				70B4DAD31CC7B10A00159C81 /* Debug */,
				70B4DAD41CC7B10A00159C81 /* Release */,
			);
			defaultConfigurationIsVisible = 0;
			defaultConfigurationName = Release;
		};
		70B4DAD51CC7B10A00159C81 /* Build configuration list for PBXNativeTarget "admin" */ = {
			isa = XCConfigurationList;
			buildConfigurations = (
				70B4DAD61CC7B10A00159C81 /* Debug */,
				70B4DAD71CC7B10A00159C81 /* Release */,
			);
			defaultConfigurationIsVisible = 0;
			defaultConfigurationName = Release;
		};
/* End XCConfigurationList section */
	};
	rootObject = 70B4DAB91CC7B10A00159C81 /* Project object */;
}
