PODS:
  - Alamofire (4.5.0)
  - AlamofireImage (3.2.0):
    - Alamofire (~> 4.1)
  - AlamofireObjectMapper (4.1.0):
    - Alamofire (~> 4.1)
    - ObjectMapper (~> 2.0)
  - AutoKeyboardScrollView (1.4.1)
  - EasyPeasy (1.4.2)
  - Instabug (7.3.2)
  - ObjcExceptionBridging (1.0.1):
    - ObjcExceptionBridging/ObjcExceptionBridging (= 1.0.1)
  - ObjcExceptionBridging/ObjcExceptionBridging (1.0.1)
  - ObjectMapper (2.2.8)
  - PKHUD (4.2.3)
  - QRCode (2.0)
  - Starscream (2.1.0)
  - SVProgressHUD (2.1.2)
  - SwiftyJSON (3.1.4)
  - SwiftyUserDefaults (3.0.0)
  - SWTableViewCell (0.3.7)
  - UIColor_Hex_Swift (3.0.2)
  - XCGLogger (5.0.1):
    - XCGLogger/Core (= 5.0.1)
  - XCGLogger/Core (5.0.1):
    - ObjcExceptionBridging

DEPENDENCIES:
  - Alamofire
  - AlamofireImage
  - AlamofireObjectMapper
  - AutoKeyboardScrollView (from `https://github.com/undrtone/AutoKeyboardScrollView.git`, branch `swift3`)
  - EasyPeasy
  - Instabug
  - ObjectMapper
  - PKHUD
  - QRCode
  - Starscream
  - SVProgressHUD
  - SwiftyJSON (from `https://github.com/SwiftyJSON/SwiftyJSON.git`)
  - SwiftyUserDefaults
  - SWTableViewCell
  - UIColor_Hex_Swift
  - XCGLogger

EXTERNAL SOURCES:
  AutoKeyboardScrollView:
    :branch: swift3
    :git: https://github.com/undrtone/AutoKeyboardScrollView.git
  SwiftyJSON:
    :git: https://github.com/SwiftyJSON/SwiftyJSON.git

CHECKOUT OPTIONS:
  AutoKeyboardScrollView:
    :commit: 446b988c68f7aaf395137b1f99cbcac7db21c415
    :git: https://github.com/undrtone/AutoKeyboardScrollView.git
  SwiftyJSON:
    :commit: ebc305b69ecca005b636f20e0db4d07d19d333fa
    :git: https://github.com/SwiftyJSON/SwiftyJSON.git

SPEC CHECKSUMS:
  Alamofire: f28cdffd29de33a7bfa022cbd63ae95a27fae140
  AlamofireImage: 157ed682cc81d3b9db4fb90c1f12180ac552d93b
  AlamofireObjectMapper: 435adc82f5b367679bd9e71c4974a54efd0b2521
  AutoKeyboardScrollView: 95e6780deca4bf6e0beac8fdfa508d861800c9cf
  EasyPeasy: 50e7130b61f495ce105796e438d4136e2c8d2cc0
  Instabug: 254ccc875caeaca004a872876573feea420745a6
  ObjcExceptionBridging: c30e00eb3700467e695faeea30e26e18bd445001
  ObjectMapper: 3d571bb5af471c779e1160828cd9ad5c4ef90958
  PKHUD: c7692163a09875cbf15827dc581df3c5cf7f1015
  QRCode: f98a1886c8f37523704a7512a4c0cd45b34c18a4
  Starscream: 168fd64c345fb2dea71b0a869c482aeffcf866e4
  SVProgressHUD: c404a55d78acbeb7ebb78b76d3faf986475a6994
  SwiftyJSON: 05cf0e98a950e2ba343735264f5a96b81e755d00
  SwiftyUserDefaults: 0f1d45fc3aafb9064dac661e367f8f83fe21a4b4
  SWTableViewCell: 2a94aadc9d47b2b611fa064566bf57948b95b579
  UIColor_Hex_Swift: 95f718452092a3efc8a827dffd2c04d3237be02d
  XCGLogger: 0b43697155d41e4a1b15fc776f319c2141646b09

PODFILE CHECKSUM: cd3d65dbaf5ad87abc18b9db20abb0415faab9b8

COCOAPODS: 1.2.1
